// !$*UTF8*$!
{
	archiveVersion = 1;
	classes = {
	};
	objectVersion = 46;
	objects = {

/* Begin PBXBuildFile section */
		3F7ABC941A0366B100F41234 /* AppDelegate.swift in Sources */ = {isa = PBXBuildFile; fileRef = 3F7ABC931A0366B100F41234 /* AppDelegate.swift */; };
		3F7ABC971A0366B100F41234 /* coreDataEx.xcdatamodeld in Sources */ = {isa = PBXBuildFile; fileRef = 3F7ABC951A0366B100F41234 /* coreDataEx.xcdatamodeld */; };
		3F7ABC991A0366B100F41234 /* ViewController.swift in Sources */ = {isa = PBXBuildFile; fileRef = 3F7ABC981A0366B100F41234 /* ViewController.swift */; };
		3F7ABC9C1A0366B100F41234 /* Main.storyboard in Resources */ = {isa = PBXBuildFile; fileRef = 3F7ABC9A1A0366B100F41234 /* Main.storyboard */; };
		3F7ABC9E1A0366B100F41234 /* Images.xcassets in Resources */ = {isa = PBXBuildFile; fileRef = 3F7ABC9D1A0366B100F41234 /* Images.xcassets */; };
		3F7ABCA11A0366B100F41234 /* LaunchScreen.xib in Resources */ = {isa = PBXBuildFile; fileRef = 3F7ABC9F1A0366B100F41234 /* LaunchScreen.xib */; };
		3F7ABCAD1A0366B100F41234 /* coreDataExTests.swift in Sources */ = {isa = PBXBuildFile; fileRef = 3F7ABCAC1A0366B100F41234 /* coreDataExTests.swift */; };
/* End PBXBuildFile section */

/* Begin PBXContainerItemProxy section */
		3F7ABCA71A0366B100F41234 /* PBXContainerItemProxy */ = {
			isa = PBXContainerItemProxy;
			containerPortal = 3F7ABC861A0366B100F41234 /* Project object */;
			proxyType = 1;
			remoteGlobalIDString = 3F7ABC8D1A0366B100F41234;
			remoteInfo = coreDataEx;
		};
/* End PBXContainerItemProxy section */

/* Begin PBXFileReference section */
		3F7ABC8E1A0366B100F41234 /* coreDataEx.app */ = {isa = PBXFileReference; explicitFileType = wrapper.application; includeInIndex = 0; path = coreDataEx.app; sourceTree = BUILT_PRODUCTS_DIR; };
		3F7ABC921A0366B100F41234 /* Info.plist */ = {isa = PBXFileReference; lastKnownFileType = text.plist.xml; path = Info.plist; sourceTree = "<group>"; };
		3F7ABC931A0366B100F41234 /* AppDelegate.swift */ = {isa = PBXFileReference; lastKnownFileType = sourcecode.swift; path = AppDelegate.swift; sourceTree = "<group>"; };
		3F7ABC961A0366B100F41234 /* coreDataEx.xcdatamodel */ = {isa = PBXFileReference; lastKnownFileType = wrapper.xcdatamodel; path = coreDataEx.xcdatamodel; sourceTree = "<group>"; };
		3F7ABC981A0366B100F41234 /* ViewController.swift */ = {isa = PBXFileReference; lastKnownFileType = sourcecode.swift; path = ViewController.swift; sourceTree = "<group>"; };
		3F7ABC9B1A0366B100F41234 /* Base */ = {isa = PBXFileReference; lastKnownFileType = file.storyboard; name = Base; path = Base.lproj/Main.storyboard; sourceTree = "<group>"; };
		3F7ABC9D1A0366B100F41234 /* Images.xcassets */ = {isa = PBXFileReference; lastKnownFileType = folder.assetcatalog; path = Images.xcassets; sourceTree = "<group>"; };
		3F7ABCA01A0366B100F41234 /* Base */ = {isa = PBXFileReference; lastKnownFileType = file.xib; name = Base; path = Base.lproj/LaunchScreen.xib; sourceTree = "<group>"; };
		3F7ABCA61A0366B100F41234 /* coreDataExTests.xctest */ = {isa = PBXFileReference; explicitFileType = wrapper.cfbundle; includeInIndex = 0; path = coreDataExTests.xctest; sourceTree = BUILT_PRODUCTS_DIR; };
		3F7ABCAB1A0366B100F41234 /* Info.plist */ = {isa = PBXFileReference; lastKnownFileType = text.plist.xml; path = Info.plist; sourceTree = "<group>"; };
		3F7ABCAC1A0366B100F41234 /* coreDataExTests.swift */ = {isa = PBXFileReference; lastKnownFileType = sourcecode.swift; path = coreDataExTests.swift; sourceTree = "<group>"; };
/* End PBXFileReference section */

/* Begin PBXFrameworksBuildPhase section */
		3F7ABC8B1A0366B100F41234 /* Frameworks */ = {
			isa = PBXFrameworksBuildPhase;
			buildActionMask = 2147483647;
			files = (
			);
			runOnlyForDeploymentPostprocessing = 0;
		};
		3F7ABCA31A0366B100F41234 /* Frameworks */ = {
			isa = PBXFrameworksBuildPhase;
			buildActionMask = 2147483647;
			files = (
			);
			runOnlyForDeploymentPostprocessing = 0;
		};
/* End PBXFrameworksBuildPhase section */

/* Begin PBXGroup section */
		3F7ABC851A0366B100F41234 = {
			isa = PBXGroup;
			children = (
				3F7ABC901A0366B100F41234 /* coreDataEx */,
				3F7ABCA91A0366B100F41234 /* coreDataExTests */,
				3F7ABC8F1A0366B100F41234 /* Products */,
			);
			sourceTree = "<group>";
		};
		3F7ABC8F1A0366B100F41234 /* Products */ = {
			isa = PBXGroup;
			children = (
				3F7ABC8E1A0366B100F41234 /* coreDataEx.app */,
				3F7ABCA61A0366B100F41234 /* coreDataExTests.xctest */,
			);
			name = Products;
			sourceTree = "<group>";
		};
		3F7ABC901A0366B100F41234 /* coreDataEx */ = {
			isa = PBXGroup;
			children = (
				3F7ABC931A0366B100F41234 /* AppDelegate.swift */,
				3F7ABC981A0366B100F41234 /* ViewController.swift */,
				3F7ABC9A1A0366B100F41234 /* Main.storyboard */,
				3F7ABC9D1A0366B100F41234 /* Images.xcassets */,
				3F7ABC9F1A0366B100F41234 /* LaunchScreen.xib */,
				3F7ABC951A0366B100F41234 /* coreDataEx.xcdatamodeld */,
				3F7ABC911A0366B100F41234 /* Supporting Files */,
			);
			path = coreDataEx;
			sourceTree = "<group>";
		};
		3F7ABC911A0366B100F41234 /* Supporting Files */ = {
			isa = PBXGroup;
			children = (
				3F7ABC921A0366B100F41234 /* Info.plist */,
			);
			name = "Supporting Files";
			sourceTree = "<group>";
		};
		3F7ABCA91A0366B100F41234 /* coreDataExTests */ = {
			isa = PBXGroup;
			children = (
				3F7ABCAC1A0366B100F41234 /* coreDataExTests.swift */,
				3F7ABCAA1A0366B100F41234 /* Supporting Files */,
			);
			path = coreDataExTests;
			sourceTree = "<group>";
		};
		3F7ABCAA1A0366B100F41234 /* Supporting Files */ = {
			isa = PBXGroup;
			children = (
				3F7ABCAB1A0366B100F41234 /* Info.plist */,
			);
			name = "Supporting Files";
			sourceTree = "<group>";
		};
/* End PBXGroup section */

/* Begin PBXNativeTarget section */
		3F7ABC8D1A0366B100F41234 /* coreDataEx */ = {
			isa = PBXNativeTarget;
			buildConfigurationList = 3F7ABCB01A0366B100F41234 /* Build configuration list for PBXNativeTarget "coreDataEx" */;
			buildPhases = (
				3F7ABC8A1A0366B100F41234 /* Sources */,
				3F7ABC8B1A0366B100F41234 /* Frameworks */,
				3F7ABC8C1A0366B100F41234 /* Resources */,
			);
			buildRules = (
			);
			dependencies = (
			);
			name = coreDataEx;
			productName = coreDataEx;
			productReference = 3F7ABC8E1A0366B100F41234 /* coreDataEx.app */;
			productType = "com.apple.product-type.application";
		};
		3F7ABCA51A0366B100F41234 /* coreDataExTests */ = {
			isa = PBXNativeTarget;
			buildConfigurationList = 3F7ABCB31A0366B100F41234 /* Build configuration list for PBXNativeTarget "coreDataExTests" */;
			buildPhases = (
				3F7ABCA21A0366B100F41234 /* Sources */,
				3F7ABCA31A0366B100F41234 /* Frameworks */,
				3F7ABCA41A0366B100F41234 /* Resources */,
			);
			buildRules = (
			);
			dependencies = (
				3F7ABCA81A0366B100F41234 /* PBXTargetDependency */,
			);
			name = coreDataExTests;
			productName = coreDataExTests;
			productReference = 3F7ABCA61A0366B100F41234 /* coreDataExTests.xctest */;
			productType = "com.apple.product-type.bundle.unit-test";
		};
/* End PBXNativeTarget section */

/* Begin PBXProject section */
		3F7ABC861A0366B100F41234 /* Project object */ = {
			isa = PBXProject;
			attributes = {
				LastUpgradeCheck = 0600;
				ORGANIZATIONNAME = Student;
				TargetAttributes = {
					3F7ABC8D1A0366B100F41234 = {
						CreatedOnToolsVersion = 6.0;
					};
					3F7ABCA51A0366B100F41234 = {
						CreatedOnToolsVersion = 6.0;
						TestTargetID = 3F7ABC8D1A0366B100F41234;
					};
				};
			};
			buildConfigurationList = 3F7ABC891A0366B100F41234 /* Build configuration list for PBXProject "coreDataEx" */;
			compatibilityVersion = "Xcode 3.2";
			developmentRegion = English;
			hasScannedForEncodings = 0;
			knownRegions = (
				en,
				Base,
			);
			mainGroup = 3F7ABC851A0366B100F41234;
			productRefGroup = 3F7ABC8F1A0366B100F41234 /* Products */;
			projectDirPath = "";
			projectRoot = "";
			targets = (
				3F7ABC8D1A0366B100F41234 /* coreDataEx */,
				3F7ABCA51A0366B100F41234 /* coreDataExTests */,
			);
		};
/* End PBXProject section */

/* Begin PBXResourcesBuildPhase section */
		3F7ABC8C1A0366B100F41234 /* Resources */ = {
			isa = PBXResourcesBuildPhase;
			buildActionMask = 2147483647;
			files = (
				3F7ABC9C1A0366B100F41234 /* Main.storyboard in Resources */,
				3F7ABCA11A0366B100F41234 /* LaunchScreen.xib in Resources */,
				3F7ABC9E1A0366B100F41234 /* Images.xcassets in Resources */,
			);
			runOnlyForDeploymentPostprocessing = 0;
		};
		3F7ABCA41A0366B100F41234 /* Resources */ = {
			isa = PBXResourcesBuildPhase;
			buildActionMask = 2147483647;
			files = (
			);
			runOnlyForDeploymentPostprocessing = 0;
		};
/* End PBXResourcesBuildPhase section */

/* Begin PBXSourcesBuildPhase section */
		3F7ABC8A1A0366B100F41234 /* Sources */ = {
			isa = PBXSourcesBuildPhase;
			buildActionMask = 2147483647;
			files = (
				3F7ABC991A0366B100F41234 /* ViewController.swift in Sources */,
				3F7ABC941A0366B100F41234 /* AppDelegate.swift in Sources */,
				3F7ABC971A0366B100F41234 /* coreDataEx.xcdatamodeld in Sources */,
			);
			runOnlyForDeploymentPostprocessing = 0;
		};
		3F7ABCA21A0366B100F41234 /* Sources */ = {
			isa = PBXSourcesBuildPhase;
			buildActionMask = 2147483647;
			files = (
				3F7ABCAD1A0366B100F41234 /* coreDataExTests.swift in Sources */,
			);
			runOnlyForDeploymentPostprocessing = 0;
		};
/* End PBXSourcesBuildPhase section */

/* Begin PBXTargetDependency section */
		3F7ABCA81A0366B100F41234 /* PBXTargetDependency */ = {
			isa = PBXTargetDependency;
			target = 3F7ABC8D1A0366B100F41234 /* coreDataEx */;
			targetProxy = 3F7ABCA71A0366B100F41234 /* PBXContainerItemProxy */;
		};
/* End PBXTargetDependency section */

/* Begin PBXVariantGroup section */
		3F7ABC9A1A0366B100F41234 /* Main.storyboard */ = {
			isa = PBXVariantGroup;
			children = (
				3F7ABC9B1A0366B100F41234 /* Base */,
			);
			name = Main.storyboard;
			sourceTree = "<group>";
		};
		3F7ABC9F1A0366B100F41234 /* LaunchScreen.xib */ = {
			isa = PBXVariantGroup;
			children = (
				3F7ABCA01A0366B100F41234 /* Base */,
			);
			name = LaunchScreen.xib;
			sourceTree = "<group>";
		};
/* End PBXVariantGroup section */

/* Begin XCBuildConfiguration section */
		3F7ABCAE1A0366B100F41234 /* Debug */ = {
			isa = XCBuildConfiguration;
			buildSettings = {
				ALWAYS_SEARCH_USER_PATHS = NO;
				CLANG_CXX_LANGUAGE_STANDARD = "gnu++0x";
				CLANG_CXX_LIBRARY = "libc++";
				CLANG_ENABLE_MODULES = YES;
				CLANG_ENABLE_OBJC_ARC = YES;
				CLANG_WARN_BOOL_CONVERSION = YES;
				CLANG_WARN_CONSTANT_CONVERSION = YES;
				CLANG_WARN_DIRECT_OBJC_ISA_USAGE = YES_ERROR;
				CLANG_WARN_EMPTY_BODY = YES;
				CLANG_WARN_ENUM_CONVERSION = YES;
				CLANG_WARN_INT_CONVERSION = YES;
				CLANG_WARN_OBJC_ROOT_CLASS = YES_ERROR;
				CLANG_WARN_UNREACHABLE_CODE = YES;
				CLANG_WARN__DUPLICATE_METHOD_MATCH = YES;
				"CODE_SIGN_IDENTITY[sdk=iphoneos*]" = "iPhone Developer";
				COPY_PHASE_STRIP = NO;
				ENABLE_STRICT_OBJC_MSGSEND = YES;
				GCC_C_LANGUAGE_STANDARD = gnu99;
				GCC_DYNAMIC_NO_PIC = NO;
				GCC_OPTIMIZATION_LEVEL = 0;
				GCC_PREPROCESSOR_DEFINITIONS = (
					"DEBUG=1",
					"$(inherited)",
				);
				GCC_SYMBOLS_PRIVATE_EXTERN = NO;
				GCC_WARN_64_TO_32_BIT_CONVERSION = YES;
				GCC_WARN_ABOUT_RETURN_TYPE = YES_ERROR;
				GCC_WARN_UNDECLARED_SELECTOR = YES;
				GCC_WARN_UNINITIALIZED_AUTOS = YES_AGGRESSIVE;
				GCC_WARN_UNUSED_FUNCTION = YES;
				GCC_WARN_UNUSED_VARIABLE = YES;
				IPHONEOS_DEPLOYMENT_TARGET = 8.0;
				MTL_ENABLE_DEBUG_INFO = YES;
				ONLY_ACTIVE_ARCH = YES;
				SDKROOT = iphoneos;
				SWIFT_OPTIMIZATION_LEVEL = "-Onone";
			};
			name = Debug;
		};
		3F7ABCAF1A0366B100F41234 /* Release */ = {
			isa = XCBuildConfiguration;
			buildSettings = {
				ALWAYS_SEARCH_USER_PATHS = NO;
				CLANG_CXX_LANGUAGE_STANDARD = "gnu++0x";
				CLANG_CXX_LIBRARY = "libc++";
				CLANG_ENABLE_MODULES = YES;
				CLANG_ENABLE_OBJC_ARC = YES;
				CLANG_WARN_BOOL_CONVERSION = YES;
				CLANG_WARN_CONSTANT_CONVERSION = YES;
				CLANG_WARN_DIRECT_OBJC_ISA_USAGE = YES_ERROR;
				CLANG_WARN_EMPTY_BODY = YES;
				CLANG_WARN_ENUM_CONVERSION = YES;
				CLANG_WARN_INT_CONVERSION = YES;
				CLANG_WARN_OBJC_ROOT_CLASS = YES_ERROR;
				CLANG_WARN_UNREACHABLE_CODE = YES;
				CLANG_WARN__DUPLICATE_METHOD_MATCH = YES;
				"CODE_SIGN_IDENTITY[sdk=iphoneos*]" = "iPhone Developer";
				COPY_PHASE_STRIP = YES;
				ENABLE_NS_ASSERTIONS = NO;
				ENABLE_STRICT_OBJC_MSGSEND = YES;
				GCC_C_LANGUAGE_STANDARD = gnu99;
				GCC_WARN_64_TO_32_BIT_CONVERSION = YES;
				GCC_WARN_ABOUT_RETURN_TYPE = YES_ERROR;
				GCC_WARN_UNDECLARED_SELECTOR = YES;
				GCC_WARN_UNINITIALIZED_AUTOS = YES_AGGRESSIVE;
				GCC_WARN_UNUSED_FUNCTION = YES;
				GCC_WARN_UNUSED_VARIABLE = YES;
				IPHONEOS_DEPLOYMENT_TARGET = 8.0;
				MTL_ENABLE_DEBUG_INFO = NO;
				SDKROOT = iphoneos;
				VALIDATE_PRODUCT = YES;
			};
			name = Release;
		};
		3F7ABCB11A0366B100F41234 /* Debug */ = {
			isa = XCBuildConfiguration;
			buildSettings = {
				ASSETCATALOG_COMPILER_APPICON_NAME = AppIcon;
				INFOPLIST_FILE = coreDataEx/Info.plist;
				LD_RUNPATH_SEARCH_PATHS = "$(inherited) @executable_path/Frameworks";
				PRODUCT_NAME = "$(TARGET_NAME)";
			};
			name = Debug;
		};
		3F7ABCB21A0366B100F41234 /* Release */ = {
			isa = XCBuildConfiguration;
			buildSettings = {
				ASSETCATALOG_COMPILER_APPICON_NAME = AppIcon;
				INFOPLIST_FILE = coreDataEx/Info.plist;
				LD_RUNPATH_SEARCH_PATHS = "$(inherited) @executable_path/Frameworks";
				PRODUCT_NAME = "$(TARGET_NAME)";
			};
			name = Release;
		};
		3F7ABCB41A0366B100F41234 /* Debug */ = {
			isa = XCBuildConfiguration;
			buildSettings = {
				BUNDLE_LOADER = "$(TEST_HOST)";
				FRAMEWORK_SEARCH_PATHS = (
					"$(SDKROOT)/Developer/Library/Frameworks",
					"$(inherited)",
				);
				GCC_PREPROCESSOR_DEFINITIONS = (
					"DEBUG=1",
					"$(inherited)",
				);
				INFOPLIST_FILE = coreDataExTests/Info.plist;
				LD_RUNPATH_SEARCH_PATHS = "$(inherited) @executable_path/Frameworks @loader_path/Frameworks";
				PRODUCT_NAME = "$(TARGET_NAME)";
				TEST_HOST = "$(BUILT_PRODUCTS_DIR)/coreDataEx.app/coreDataEx";
			};
			name = Debug;
		};
		3F7ABCB51A0366B100F41234 /* Release */ = {
			isa = XCBuildConfiguration;
			buildSettings = {
				BUNDLE_LOADER = "$(TEST_HOST)";
				FRAMEWORK_SEARCH_PATHS = (
					"$(SDKROOT)/Developer/Library/Frameworks",
					"$(inherited)",
				);
				INFOPLIST_FILE = coreDataExTests/Info.plist;
				LD_RUNPATH_SEARCH_PATHS = "$(inherited) @executable_path/Frameworks @loader_path/Frameworks";
				PRODUCT_NAME = "$(TARGET_NAME)";
				TEST_HOST = "$(BUILT_PRODUCTS_DIR)/coreDataEx.app/coreDataEx";
			};
			name = Release;
		};
/* End XCBuildConfiguration section */

/* Begin XCConfigurationList section */
		3F7ABC891A0366B100F41234 /* Build configuration list for PBXProject "coreDataEx" */ = {
			isa = XCConfigurationList;
			buildConfigurations = (
				3F7ABCAE1A0366B100F41234 /* Debug */,
				3F7ABCAF1A0366B100F41234 /* Release */,
			);
			defaultConfigurationIsVisible = 0;
			defaultConfigurationName = Release;
		};
		3F7ABCB01A0366B100F41234 /* Build configuration list for PBXNativeTarget "coreDataEx" */ = {
			isa = XCConfigurationList;
			buildConfigurations = (
				3F7ABCB11A0366B100F41234 /* Debug */,
				3F7ABCB21A0366B100F41234 /* Release */,
			);
			defaultConfigurationIsVisible = 0;
		};
		3F7ABCB31A0366B100F41234 /* Build configuration list for PBXNativeTarget "coreDataExTests" */ = {
			isa = XCConfigurationList;
			buildConfigurations = (
				3F7ABCB41A0366B100F41234 /* Debug */,
				3F7ABCB51A0366B100F41234 /* Release */,
			);
			defaultConfigurationIsVisible = 0;
		};
/* End XCConfigurationList section */

/* Begin XCVersionGroup section */
		3F7ABC951A0366B100F41234 /* coreDataEx.xcdatamodeld */ = {
			isa = XCVersionGroup;
			children = (
				3F7ABC961A0366B100F41234 /* coreDataEx.xcdatamodel */,
			);
			currentVersion = 3F7ABC961A0366B100F41234 /* coreDataEx.xcdatamodel */;
			path = coreDataEx.xcdatamodeld;
			sourceTree = "<group>";
			versionGroupType = wrapper.xcdatamodel;
		};
/* End XCVersionGroup section */
	};
	rootObject = 3F7ABC861A0366B100F41234 /* Project object */;
}
