// !$*UTF8*$!
{
	archiveVersion = 1;
	classes = {
	};
	objectVersion = 46;
	objects = {

/* Begin PBXBuildFile section */
		3F827FB219C2F094003238EA /* AppDelegate.swift in Sources */ = {isa = PBXBuildFile; fileRef = 3F827FB119C2F094003238EA /* AppDelegate.swift */; };
		3F827FB419C2F094003238EA /* ViewController.swift in Sources */ = {isa = PBXBuildFile; fileRef = 3F827FB319C2F094003238EA /* ViewController.swift */; };
		3F827FB719C2F094003238EA /* Main.storyboard in Resources */ = {isa = PBXBuildFile; fileRef = 3F827FB519C2F094003238EA /* Main.storyboard */; };
		3F827FB919C2F094003238EA /* Images.xcassets in Resources */ = {isa = PBXBuildFile; fileRef = 3F827FB819C2F094003238EA /* Images.xcassets */; };
		3F827FC519C2F094003238EA /* TipCalculatorTests.swift in Sources */ = {isa = PBXBuildFile; fileRef = 3F827FC419C2F094003238EA /* TipCalculatorTests.swift */; };
		3F827FD019C2F7D7003238EA /* TipcalculatorModel.swift in Sources */ = {isa = PBXBuildFile; fileRef = 3F827FCF19C2F7D7003238EA /* TipcalculatorModel.swift */; };
/* End PBXBuildFile section */

/* Begin PBXContainerItemProxy section */
		3F827FBF19C2F094003238EA /* PBXContainerItemProxy */ = {
			isa = PBXContainerItemProxy;
			containerPortal = 3F827FA419C2F094003238EA /* Project object */;
			proxyType = 1;
			remoteGlobalIDString = 3F827FAB19C2F094003238EA;
			remoteInfo = TipCalculator;
		};
/* End PBXContainerItemProxy section */

/* Begin PBXFileReference section */
		3F827FAC19C2F094003238EA /* TipCalculator.app */ = {isa = PBXFileReference; explicitFileType = wrapper.application; includeInIndex = 0; path = TipCalculator.app; sourceTree = BUILT_PRODUCTS_DIR; };
		3F827FB019C2F094003238EA /* Info.plist */ = {isa = PBXFileReference; lastKnownFileType = text.plist.xml; path = Info.plist; sourceTree = "<group>"; };
		3F827FB119C2F094003238EA /* AppDelegate.swift */ = {isa = PBXFileReference; lastKnownFileType = sourcecode.swift; path = AppDelegate.swift; sourceTree = "<group>"; };
		3F827FB319C2F094003238EA /* ViewController.swift */ = {isa = PBXFileReference; lastKnownFileType = sourcecode.swift; path = ViewController.swift; sourceTree = "<group>"; };
		3F827FB619C2F094003238EA /* Base */ = {isa = PBXFileReference; lastKnownFileType = file.storyboard; name = Base; path = Base.lproj/Main.storyboard; sourceTree = "<group>"; };
		3F827FB819C2F094003238EA /* Images.xcassets */ = {isa = PBXFileReference; lastKnownFileType = folder.assetcatalog; path = Images.xcassets; sourceTree = "<group>"; };
		3F827FBE19C2F094003238EA /* TipCalculatorTests.xctest */ = {isa = PBXFileReference; explicitFileType = wrapper.cfbundle; includeInIndex = 0; path = TipCalculatorTests.xctest; sourceTree = BUILT_PRODUCTS_DIR; };
		3F827FC319C2F094003238EA /* Info.plist */ = {isa = PBXFileReference; lastKnownFileType = text.plist.xml; path = Info.plist; sourceTree = "<group>"; };
		3F827FC419C2F094003238EA /* TipCalculatorTests.swift */ = {isa = PBXFileReference; lastKnownFileType = sourcecode.swift; path = TipCalculatorTests.swift; sourceTree = "<group>"; };
		3F827FCF19C2F7D7003238EA /* TipcalculatorModel.swift */ = {isa = PBXFileReference; fileEncoding = 4; lastKnownFileType = sourcecode.swift; path = TipcalculatorModel.swift; sourceTree = "<group>"; };
/* End PBXFileReference section */

/* Begin PBXFrameworksBuildPhase section */
		3F827FA919C2F094003238EA /* Frameworks */ = {
			isa = PBXFrameworksBuildPhase;
			buildActionMask = 2147483647;
			files = (
			);
			runOnlyForDeploymentPostprocessing = 0;
		};
		3F827FBB19C2F094003238EA /* Frameworks */ = {
			isa = PBXFrameworksBuildPhase;
			buildActionMask = 2147483647;
			files = (
			);
			runOnlyForDeploymentPostprocessing = 0;
		};
/* End PBXFrameworksBuildPhase section */

/* Begin PBXGroup section */
		3F827FA319C2F094003238EA = {
			isa = PBXGroup;
			children = (
				3F827FAE19C2F094003238EA /* TipCalculator */,
				3F827FC119C2F094003238EA /* TipCalculatorTests */,
				3F827FAD19C2F094003238EA /* Products */,
			);
			sourceTree = "<group>";
		};
		3F827FAD19C2F094003238EA /* Products */ = {
			isa = PBXGroup;
			children = (
				3F827FAC19C2F094003238EA /* TipCalculator.app */,
				3F827FBE19C2F094003238EA /* TipCalculatorTests.xctest */,
			);
			name = Products;
			sourceTree = "<group>";
		};
		3F827FAE19C2F094003238EA /* TipCalculator */ = {
			isa = PBXGroup;
			children = (
				3F827FB119C2F094003238EA /* AppDelegate.swift */,
				3F827FB319C2F094003238EA /* ViewController.swift */,
				3F827FB519C2F094003238EA /* Main.storyboard */,
				3F827FB819C2F094003238EA /* Images.xcassets */,
				3F827FAF19C2F094003238EA /* Supporting Files */,
			);
			path = TipCalculator;
			sourceTree = "<group>";
		};
		3F827FAF19C2F094003238EA /* Supporting Files */ = {
			isa = PBXGroup;
			children = (
				3F827FB019C2F094003238EA /* Info.plist */,
				3F827FCF19C2F7D7003238EA /* TipcalculatorModel.swift */,
			);
			name = "Supporting Files";
			sourceTree = "<group>";
		};
		3F827FC119C2F094003238EA /* TipCalculatorTests */ = {
			isa = PBXGroup;
			children = (
				3F827FC419C2F094003238EA /* TipCalculatorTests.swift */,
				3F827FC219C2F094003238EA /* Supporting Files */,
			);
			path = TipCalculatorTests;
			sourceTree = "<group>";
		};
		3F827FC219C2F094003238EA /* Supporting Files */ = {
			isa = PBXGroup;
			children = (
				3F827FC319C2F094003238EA /* Info.plist */,
			);
			name = "Supporting Files";
			sourceTree = "<group>";
		};
/* End PBXGroup section */

/* Begin PBXNativeTarget section */
		3F827FAB19C2F094003238EA /* TipCalculator */ = {
			isa = PBXNativeTarget;
			buildConfigurationList = 3F827FC819C2F094003238EA /* Build configuration list for PBXNativeTarget "TipCalculator" */;
			buildPhases = (
				3F827FA819C2F094003238EA /* Sources */,
				3F827FA919C2F094003238EA /* Frameworks */,
				3F827FAA19C2F094003238EA /* Resources */,
			);
			buildRules = (
			);
			dependencies = (
			);
			name = TipCalculator;
			productName = TipCalculator;
			productReference = 3F827FAC19C2F094003238EA /* TipCalculator.app */;
			productType = "com.apple.product-type.application";
		};
		3F827FBD19C2F094003238EA /* TipCalculatorTests */ = {
			isa = PBXNativeTarget;
			buildConfigurationList = 3F827FCB19C2F094003238EA /* Build configuration list for PBXNativeTarget "TipCalculatorTests" */;
			buildPhases = (
				3F827FBA19C2F094003238EA /* Sources */,
				3F827FBB19C2F094003238EA /* Frameworks */,
				3F827FBC19C2F094003238EA /* Resources */,
			);
			buildRules = (
			);
			dependencies = (
				3F827FC019C2F094003238EA /* PBXTargetDependency */,
			);
			name = TipCalculatorTests;
			productName = TipCalculatorTests;
			productReference = 3F827FBE19C2F094003238EA /* TipCalculatorTests.xctest */;
			productType = "com.apple.product-type.bundle.unit-test";
		};
/* End PBXNativeTarget section */

/* Begin PBXProject section */
		3F827FA419C2F094003238EA /* Project object */ = {
			isa = PBXProject;
			attributes = {
				LastUpgradeCheck = 0600;
				ORGANIZATIONNAME = student;
				TargetAttributes = {
					3F827FAB19C2F094003238EA = {
						CreatedOnToolsVersion = 6.0;
					};
					3F827FBD19C2F094003238EA = {
						CreatedOnToolsVersion = 6.0;
						TestTargetID = 3F827FAB19C2F094003238EA;
					};
				};
			};
			buildConfigurationList = 3F827FA719C2F094003238EA /* Build configuration list for PBXProject "TipCalculator" */;
			compatibilityVersion = "Xcode 3.2";
			developmentRegion = English;
			hasScannedForEncodings = 0;
			knownRegions = (
				en,
				Base,
			);
			mainGroup = 3F827FA319C2F094003238EA;
			productRefGroup = 3F827FAD19C2F094003238EA /* Products */;
			projectDirPath = "";
			projectRoot = "";
			targets = (
				3F827FAB19C2F094003238EA /* TipCalculator */,
				3F827FBD19C2F094003238EA /* TipCalculatorTests */,
			);
		};
/* End PBXProject section */

/* Begin PBXResourcesBuildPhase section */
		3F827FAA19C2F094003238EA /* Resources */ = {
			isa = PBXResourcesBuildPhase;
			buildActionMask = 2147483647;
			files = (
				3F827FB719C2F094003238EA /* Main.storyboard in Resources */,
				3F827FB919C2F094003238EA /* Images.xcassets in Resources */,
			);
			runOnlyForDeploymentPostprocessing = 0;
		};
		3F827FBC19C2F094003238EA /* Resources */ = {
			isa = PBXResourcesBuildPhase;
			buildActionMask = 2147483647;
			files = (
			);
			runOnlyForDeploymentPostprocessing = 0;
		};
/* End PBXResourcesBuildPhase section */

/* Begin PBXSourcesBuildPhase section */
		3F827FA819C2F094003238EA /* Sources */ = {
			isa = PBXSourcesBuildPhase;
			buildActionMask = 2147483647;
			files = (
				3F827FB419C2F094003238EA /* ViewController.swift in Sources */,
				3F827FD019C2F7D7003238EA /* TipcalculatorModel.swift in Sources */,
				3F827FB219C2F094003238EA /* AppDelegate.swift in Sources */,
			);
			runOnlyForDeploymentPostprocessing = 0;
		};
		3F827FBA19C2F094003238EA /* Sources */ = {
			isa = PBXSourcesBuildPhase;
			buildActionMask = 2147483647;
			files = (
				3F827FC519C2F094003238EA /* TipCalculatorTests.swift in Sources */,
			);
			runOnlyForDeploymentPostprocessing = 0;
		};
/* End PBXSourcesBuildPhase section */

/* Begin PBXTargetDependency section */
		3F827FC019C2F094003238EA /* PBXTargetDependency */ = {
			isa = PBXTargetDependency;
			target = 3F827FAB19C2F094003238EA /* TipCalculator */;
			targetProxy = 3F827FBF19C2F094003238EA /* PBXContainerItemProxy */;
		};
/* End PBXTargetDependency section */

/* Begin PBXVariantGroup section */
		3F827FB519C2F094003238EA /* Main.storyboard */ = {
			isa = PBXVariantGroup;
			children = (
				3F827FB619C2F094003238EA /* Base */,
			);
			name = Main.storyboard;
			sourceTree = "<group>";
		};
/* End PBXVariantGroup section */

/* Begin XCBuildConfiguration section */
		3F827FC619C2F094003238EA /* Debug */ = {
			isa = XCBuildConfiguration;
			buildSettings = {
				ALWAYS_SEARCH_USER_PATHS = NO;
				CLANG_CXX_LANGUAGE_STANDARD = "gnu++0x";
				CLANG_CXX_LIBRARY = "libc++";
				CLANG_ENABLE_MODULES = YES;
				CLANG_ENABLE_OBJC_ARC = YES;
				CLANG_WARN_BOOL_CONVERSION = YES;
				CLANG_WARN_CONSTANT_CONVERSION = YES;
				CLANG_WARN_DIRECT_OBJC_ISA_USAGE = YES_ERROR;
				CLANG_WARN_EMPTY_BODY = YES;
				CLANG_WARN_ENUM_CONVERSION = YES;
				CLANG_WARN_INT_CONVERSION = YES;
				CLANG_WARN_OBJC_ROOT_CLASS = YES_ERROR;
				CLANG_WARN_UNREACHABLE_CODE = YES;
				CLANG_WARN__DUPLICATE_METHOD_MATCH = YES;
				"CODE_SIGN_IDENTITY[sdk=iphoneos*]" = "iPhone Developer";
				COPY_PHASE_STRIP = NO;
				ENABLE_STRICT_OBJC_MSGSEND = YES;
				GCC_C_LANGUAGE_STANDARD = gnu99;
				GCC_DYNAMIC_NO_PIC = NO;
				GCC_OPTIMIZATION_LEVEL = 0;
				GCC_PREPROCESSOR_DEFINITIONS = (
					"DEBUG=1",
					"$(inherited)",
				);
				GCC_SYMBOLS_PRIVATE_EXTERN = NO;
				GCC_WARN_64_TO_32_BIT_CONVERSION = YES;
				GCC_WARN_ABOUT_RETURN_TYPE = YES_ERROR;
				GCC_WARN_UNDECLARED_SELECTOR = YES;
				GCC_WARN_UNINITIALIZED_AUTOS = YES_AGGRESSIVE;
				GCC_WARN_UNUSED_FUNCTION = YES;
				GCC_WARN_UNUSED_VARIABLE = YES;
				IPHONEOS_DEPLOYMENT_TARGET = 8.0;
				MTL_ENABLE_DEBUG_INFO = YES;
				ONLY_ACTIVE_ARCH = YES;
				SDKROOT = iphoneos;
				SWIFT_OPTIMIZATION_LEVEL = "-Onone";
			};
			name = Debug;
		};
		3F827FC719C2F094003238EA /* Release */ = {
			isa = XCBuildConfiguration;
			buildSettings = {
				ALWAYS_SEARCH_USER_PATHS = NO;
				CLANG_CXX_LANGUAGE_STANDARD = "gnu++0x";
				CLANG_CXX_LIBRARY = "libc++";
				CLANG_ENABLE_MODULES = YES;
				CLANG_ENABLE_OBJC_ARC = YES;
				CLANG_WARN_BOOL_CONVERSION = YES;
				CLANG_WARN_CONSTANT_CONVERSION = YES;
				CLANG_WARN_DIRECT_OBJC_ISA_USAGE = YES_ERROR;
				CLANG_WARN_EMPTY_BODY = YES;
				CLANG_WARN_ENUM_CONVERSION = YES;
				CLANG_WARN_INT_CONVERSION = YES;
				CLANG_WARN_OBJC_ROOT_CLASS = YES_ERROR;
				CLANG_WARN_UNREACHABLE_CODE = YES;
				CLANG_WARN__DUPLICATE_METHOD_MATCH = YES;
				"CODE_SIGN_IDENTITY[sdk=iphoneos*]" = "iPhone Developer";
				COPY_PHASE_STRIP = YES;
				ENABLE_NS_ASSERTIONS = NO;
				ENABLE_STRICT_OBJC_MSGSEND = YES;
				GCC_C_LANGUAGE_STANDARD = gnu99;
				GCC_WARN_64_TO_32_BIT_CONVERSION = YES;
				GCC_WARN_ABOUT_RETURN_TYPE = YES_ERROR;
				GCC_WARN_UNDECLARED_SELECTOR = YES;
				GCC_WARN_UNINITIALIZED_AUTOS = YES_AGGRESSIVE;
				GCC_WARN_UNUSED_FUNCTION = YES;
				GCC_WARN_UNUSED_VARIABLE = YES;
				IPHONEOS_DEPLOYMENT_TARGET = 8.0;
				MTL_ENABLE_DEBUG_INFO = NO;
				SDKROOT = iphoneos;
				VALIDATE_PRODUCT = YES;
			};
			name = Release;
		};
		3F827FC919C2F094003238EA /* Debug */ = {
			isa = XCBuildConfiguration;
			buildSettings = {
				ASSETCATALOG_COMPILER_APPICON_NAME = AppIcon;
				ASSETCATALOG_COMPILER_LAUNCHIMAGE_NAME = LaunchImage;
				INFOPLIST_FILE = TipCalculator/Info.plist;
				LD_RUNPATH_SEARCH_PATHS = "$(inherited) @executable_path/Frameworks";
				PRODUCT_NAME = "$(TARGET_NAME)";
			};
			name = Debug;
		};
		3F827FCA19C2F094003238EA /* Release */ = {
			isa = XCBuildConfiguration;
			buildSettings = {
				ASSETCATALOG_COMPILER_APPICON_NAME = AppIcon;
				ASSETCATALOG_COMPILER_LAUNCHIMAGE_NAME = LaunchImage;
				INFOPLIST_FILE = TipCalculator/Info.plist;
				LD_RUNPATH_SEARCH_PATHS = "$(inherited) @executable_path/Frameworks";
				PRODUCT_NAME = "$(TARGET_NAME)";
			};
			name = Release;
		};
		3F827FCC19C2F094003238EA /* Debug */ = {
			isa = XCBuildConfiguration;
			buildSettings = {
				BUNDLE_LOADER = "$(BUILT_PRODUCTS_DIR)/TipCalculator.app/TipCalculator";
				FRAMEWORK_SEARCH_PATHS = (
					"$(SDKROOT)/Developer/Library/Frameworks",
					"$(inherited)",
				);
				GCC_PREPROCESSOR_DEFINITIONS = (
					"DEBUG=1",
					"$(inherited)",
				);
				INFOPLIST_FILE = TipCalculatorTests/Info.plist;
				LD_RUNPATH_SEARCH_PATHS = "$(inherited) @executable_path/Frameworks @loader_path/Frameworks";
				PRODUCT_NAME = "$(TARGET_NAME)";
				TEST_HOST = "$(BUNDLE_LOADER)";
			};
			name = Debug;
		};
		3F827FCD19C2F094003238EA /* Release */ = {
			isa = XCBuildConfiguration;
			buildSettings = {
				BUNDLE_LOADER = "$(BUILT_PRODUCTS_DIR)/TipCalculator.app/TipCalculator";
				FRAMEWORK_SEARCH_PATHS = (
					"$(SDKROOT)/Developer/Library/Frameworks",
					"$(inherited)",
				);
				INFOPLIST_FILE = TipCalculatorTests/Info.plist;
				LD_RUNPATH_SEARCH_PATHS = "$(inherited) @executable_path/Frameworks @loader_path/Frameworks";
				PRODUCT_NAME = "$(TARGET_NAME)";
				TEST_HOST = "$(BUNDLE_LOADER)";
			};
			name = Release;
		};
/* End XCBuildConfiguration section */

/* Begin XCConfigurationList section */
		3F827FA719C2F094003238EA /* Build configuration list for PBXProject "TipCalculator" */ = {
			isa = XCConfigurationList;
			buildConfigurations = (
				3F827FC619C2F094003238EA /* Debug */,
				3F827FC719C2F094003238EA /* Release */,
			);
			defaultConfigurationIsVisible = 0;
			defaultConfigurationName = Release;
		};
		3F827FC819C2F094003238EA /* Build configuration list for PBXNativeTarget "TipCalculator" */ = {
			isa = XCConfigurationList;
			buildConfigurations = (
				3F827FC919C2F094003238EA /* Debug */,
				3F827FCA19C2F094003238EA /* Release */,
			);
			defaultConfigurationIsVisible = 0;
			defaultConfigurationName = Release;
		};
		3F827FCB19C2F094003238EA /* Build configuration list for PBXNativeTarget "TipCalculatorTests" */ = {
			isa = XCConfigurationList;
			buildConfigurations = (
				3F827FCC19C2F094003238EA /* Debug */,
				3F827FCD19C2F094003238EA /* Release */,
			);
			defaultConfigurationIsVisible = 0;
			defaultConfigurationName = Release;
		};
/* End XCConfigurationList section */
	};
	rootObject = 3F827FA419C2F094003238EA /* Project object */;
}
